
Microsoft Visual Studio Solution File, Format Version 12.00
# Visual Studio Version 17
VisualStudioVersion = 17.3.32929.385
MinimumVisualStudioVersion = 10.0.40219.1
Project("{9A19103F-16F7-4668-BE54-9A1E7A4F7556}") = "InstaFolders", "InstaFolders.csproj", "{01699050-D553-4675-BBA1-F688FA2AB183}"
EndProject
Global
	GlobalSection(SolutionConfigurationPlatforms) = preSolution
		Debug|Any CPU = Debug|Any CPU
		Release|Any CPU = Release|Any CPU
	EndGlobalSection
	GlobalSection(ProjectConfigurationPlatforms) = postSolution
		{01699050-D553-4675-BBA1-F688FA2AB183}.Debug|Any CPU.ActiveCfg = Debug|Any CPU
		{01699050-D553-4675-BBA1-F688FA2AB183}.Debug|Any CPU.Build.0 = Debug|Any CPU
		{01699050-D553-4675-BBA1-F688FA2AB183}.Release|Any CPU.ActiveCfg = Release|Any CPU
		{01699050-D553-4675-BBA1-F688FA2AB183}.Release|Any CPU.Build.0 = Release|Any CPU
	EndGlobalSection
	GlobalSection(SolutionProperties) = preSolution
		HideSolutionNode = FALSE
	EndGlobalSection
	GlobalSection(ExtensibilityGlobals) = postSolution
		SolutionGuid = {4FD0D53F-E87C-4B5C-AE7A-6B0E9B3293F7}
	EndGlobalSection
EndGlobal
